
Microsoft Visual Studio Solution File, Format Version 12.00
# Visual Studio Version 16
VisualStudioVersion = 16.0.31005.135
MinimumVisualStudioVersion = 10.0.40219.1
Project("{FAE04EC0-301F-11D3-BF4B-00C04F79EFBC}") = "WebClient", "WebClient.csproj", "{0EED9C02-7449-4A9A-B00F-3248C47CC1CE}"
EndProject
Global
	GlobalSection(SolutionConfigurationPlatforms) = preSolution
		Debug|Any CPU = Debug|Any CPU
		Release|Any CPU = Release|Any CPU
	EndGlobalSection
	GlobalSection(ProjectConfigurationPlatforms) = postSolution
		{0EED9C02-7449-4A9A-B00F-3248C47CC1CE}.Debug|Any CPU.ActiveCfg = Debug|Any CPU
		{0EED9C02-7449-4A9A-B00F-3248C47CC1CE}.Debug|Any CPU.Build.0 = Debug|Any CPU
		{0EED9C02-7449-4A9A-B00F-3248C47CC1CE}.Release|Any CPU.ActiveCfg = Release|Any CPU
		{0EED9C02-7449-4A9A-B00F-3248C47CC1CE}.Release|Any CPU.Build.0 = Release|Any CPU
	EndGlobalSection
	GlobalSection(SolutionProperties) = preSolution
		HideSolutionNode = FALSE
	EndGlobalSection
	GlobalSection(ExtensibilityGlobals) = postSolution
		SolutionGuid = {D56900F6-9490-4DCC-AC2C-7528EEFFE0C7}
	EndGlobalSection
EndGlobal
